
Microsoft Visual Studio Solution File, Format Version 12.00
# Visual Studio Version 17
VisualStudioVersion = 17.13.35913.81
MinimumVisualStudioVersion = 10.0.40219.1
Project("{2150E333-8FDC-42A3-9474-1A3956D46DE8}") = "Bai2", "Bai2", "{02EA681E-C7D8-13C7-8484-4AC65E1B71E8}"
EndProject
Project("{FAE04EC0-301F-11D3-BF4B-00C04F79EFBC}") = "Bai2", "Bai2\Bai2.csproj", "{B9511E29-2626-4498-B92F-675DD90C7415}"
EndProject
Project("{2150E333-8FDC-42A3-9474-1A3956D46DE8}") = "Bai3", "Bai3", "{12B87A0E-05CC-4C4F-A943-469C365147A5}"
EndProject
Project("{FAE04EC0-301F-11D3-BF4B-00C04F79EFBC}") = "Bai3", "Bai3\Bai3.csproj", "{5EAC6EB6-7B8F-49CB-AE40-9FEDE21FE8D9}"
EndProject
Project("{2150E333-8FDC-42A3-9474-1A3956D46DE8}") = "Bai4", "Bai4", "{CD355861-3AE4-4BB4-8CAB-55D33DEEEF2B}"
EndProject
Project("{FAE04EC0-301F-11D3-BF4B-00C04F79EFBC}") = "Bai4", "Bai4\Bai4.csproj", "{B314BD99-1150-43E0-B14D-6395BEF85486}"
EndProject
Project("{2150E333-8FDC-42A3-9474-1A3956D46DE8}") = "Bai5", "Bai5", "{B267365D-6A74-4CD9-9AED-A00E74648897}"
EndProject
Project("{FAE04EC0-301F-11D3-BF4B-00C04F79EFBC}") = "Bai5", "Bai5\Bai5.csproj", "{F5944E94-55F6-44D8-A875-4EB4302F3FA0}"
EndProject
Project("{2150E333-8FDC-42A3-9474-1A3956D46DE8}") = "Bai6", "Bai6", "{B0C6F5F9-4CDD-4415-AB84-20D719FB8187}"
EndProject
Project("{FAE04EC0-301F-11D3-BF4B-00C04F79EFBC}") = "Bai6", "Bai6\Bai6.csproj", "{DE846928-0583-4AC7-A018-320C845C5CF6}"
EndProject
Project("{2150E333-8FDC-42A3-9474-1A3956D46DE8}") = "Bai1", "Bai1", "{06CA1252-BE98-4F08-A1EF-E0B8B76F1609}"
EndProject
Project("{FAE04EC0-301F-11D3-BF4B-00C04F79EFBC}") = "Bai1", "Bai1\Bai1.csproj", "{5DDDEF9B-23E1-4544-8A1F-536C803656A5}"
EndProject
Project("{2150E333-8FDC-42A3-9474-1A3956D46DE8}") = "Bai7", "Bai7", "{EB067B4D-6C8C-4A93-8C83-DEC438120691}"
EndProject
Project("{FAE04EC0-301F-11D3-BF4B-00C04F79EFBC}") = "Bai7", "Bai7\Bai7.csproj", "{A9BF4C05-2B19-40DE-BA90-E63468F82437}"
EndProject
Project("{2150E333-8FDC-42A3-9474-1A3956D46DE8}") = "Bai8", "Bai8", "{4BAA7388-7C07-4596-8EE4-16E633CA33BC}"
EndProject
Project("{FAE04EC0-301F-11D3-BF4B-00C04F79EFBC}") = "Bai8", "Bai8\Bai8.csproj", "{3E99F90D-A670-45D7-ADC0-A3C3B164E891}"
EndProject
Project("{2150E333-8FDC-42A3-9474-1A3956D46DE8}") = "Bai9", "Bai9", "{9A14F78E-1FBF-4C37-AB35-3747378E6162}"
EndProject
Project("{FAE04EC0-301F-11D3-BF4B-00C04F79EFBC}") = "Bai9", "Bai9\Bai9.csproj", "{939B4BC7-5176-4A23-AB13-1FBD2BAF4930}"
EndProject
Project("{2150E333-8FDC-42A3-9474-1A3956D46DE8}") = "Bai10", "Bai10", "{1BB5E53F-E0D5-432B-BB7C-818B7B626F6C}"
EndProject
Project("{FAE04EC0-301F-11D3-BF4B-00C04F79EFBC}") = "Bai10", "Bai10\Bai10.csproj", "{52B3F94F-0E61-403A-B656-FDED4F87DEEE}"
EndProject
Project("{2150E333-8FDC-42A3-9474-1A3956D46DE8}") = "Bai11", "Bai11", "{508DA54A-C0F8-480C-9C55-34CB3F47E63D}"
EndProject
Project("{FAE04EC0-301F-11D3-BF4B-00C04F79EFBC}") = "Bai11", "Bai11\Bai11.csproj", "{AB157FA1-3E8A-4666-9EBF-0E6DDB48C76A}"
EndProject
Global
	GlobalSection(SolutionConfigurationPlatforms) = preSolution
		Debug|Any CPU = Debug|Any CPU
		Release|Any CPU = Release|Any CPU
	EndGlobalSection
	GlobalSection(ProjectConfigurationPlatforms) = postSolution
		{B9511E29-2626-4498-B92F-675DD90C7415}.Debug|Any CPU.ActiveCfg = Debug|Any CPU
		{B9511E29-2626-4498-B92F-675DD90C7415}.Debug|Any CPU.Build.0 = Debug|Any CPU
		{B9511E29-2626-4498-B92F-675DD90C7415}.Release|Any CPU.ActiveCfg = Release|Any CPU
		{B9511E29-2626-4498-B92F-675DD90C7415}.Release|Any CPU.Build.0 = Release|Any CPU
		{5EAC6EB6-7B8F-49CB-AE40-9FEDE21FE8D9}.Debug|Any CPU.ActiveCfg = Debug|Any CPU
		{5EAC6EB6-7B8F-49CB-AE40-9FEDE21FE8D9}.Debug|Any CPU.Build.0 = Debug|Any CPU
		{5EAC6EB6-7B8F-49CB-AE40-9FEDE21FE8D9}.Release|Any CPU.ActiveCfg = Release|Any CPU
		{5EAC6EB6-7B8F-49CB-AE40-9FEDE21FE8D9}.Release|Any CPU.Build.0 = Release|Any CPU
		{B314BD99-1150-43E0-B14D-6395BEF85486}.Debug|Any CPU.ActiveCfg = Debug|Any CPU
		{B314BD99-1150-43E0-B14D-6395BEF85486}.Debug|Any CPU.Build.0 = Debug|Any CPU
		{B314BD99-1150-43E0-B14D-6395BEF85486}.Release|Any CPU.ActiveCfg = Release|Any CPU
		{B314BD99-1150-43E0-B14D-6395BEF85486}.Release|Any CPU.Build.0 = Release|Any CPU
		{F5944E94-55F6-44D8-A875-4EB4302F3FA0}.Debug|Any CPU.ActiveCfg = Debug|Any CPU
		{F5944E94-55F6-44D8-A875-4EB4302F3FA0}.Debug|Any CPU.Build.0 = Debug|Any CPU
		{F5944E94-55F6-44D8-A875-4EB4302F3FA0}.Release|Any CPU.ActiveCfg = Release|Any CPU
		{F5944E94-55F6-44D8-A875-4EB4302F3FA0}.Release|Any CPU.Build.0 = Release|Any CPU
		{DE846928-0583-4AC7-A018-320C845C5CF6}.Debug|Any CPU.ActiveCfg = Debug|Any CPU
		{DE846928-0583-4AC7-A018-320C845C5CF6}.Debug|Any CPU.Build.0 = Debug|Any CPU
		{DE846928-0583-4AC7-A018-320C845C5CF6}.Release|Any CPU.ActiveCfg = Release|Any CPU
		{DE846928-0583-4AC7-A018-320C845C5CF6}.Release|Any CPU.Build.0 = Release|Any CPU
		{5DDDEF9B-23E1-4544-8A1F-536C803656A5}.Debug|Any CPU.ActiveCfg = Debug|Any CPU
		{5DDDEF9B-23E1-4544-8A1F-536C803656A5}.Debug|Any CPU.Build.0 = Debug|Any CPU
		{5DDDEF9B-23E1-4544-8A1F-536C803656A5}.Release|Any CPU.ActiveCfg = Release|Any CPU
		{5DDDEF9B-23E1-4544-8A1F-536C803656A5}.Release|Any CPU.Build.0 = Release|Any CPU
		{A9BF4C05-2B19-40DE-BA90-E63468F82437}.Debug|Any CPU.ActiveCfg = Debug|Any CPU
		{A9BF4C05-2B19-40DE-BA90-E63468F82437}.Debug|Any CPU.Build.0 = Debug|Any CPU
		{A9BF4C05-2B19-40DE-BA90-E63468F82437}.Release|Any CPU.ActiveCfg = Release|Any CPU
		{A9BF4C05-2B19-40DE-BA90-E63468F82437}.Release|Any CPU.Build.0 = Release|Any CPU
		{3E99F90D-A670-45D7-ADC0-A3C3B164E891}.Debug|Any CPU.ActiveCfg = Debug|Any CPU
		{3E99F90D-A670-45D7-ADC0-A3C3B164E891}.Debug|Any CPU.Build.0 = Debug|Any CPU
		{3E99F90D-A670-45D7-ADC0-A3C3B164E891}.Release|Any CPU.ActiveCfg = Release|Any CPU
		{3E99F90D-A670-45D7-ADC0-A3C3B164E891}.Release|Any CPU.Build.0 = Release|Any CPU
		{939B4BC7-5176-4A23-AB13-1FBD2BAF4930}.Debug|Any CPU.ActiveCfg = Debug|Any CPU
		{939B4BC7-5176-4A23-AB13-1FBD2BAF4930}.Debug|Any CPU.Build.0 = Debug|Any CPU
		{939B4BC7-5176-4A23-AB13-1FBD2BAF4930}.Release|Any CPU.ActiveCfg = Release|Any CPU
		{939B4BC7-5176-4A23-AB13-1FBD2BAF4930}.Release|Any CPU.Build.0 = Release|Any CPU
		{52B3F94F-0E61-403A-B656-FDED4F87DEEE}.Debug|Any CPU.ActiveCfg = Debug|Any CPU
		{52B3F94F-0E61-403A-B656-FDED4F87DEEE}.Debug|Any CPU.Build.0 = Debug|Any CPU
		{52B3F94F-0E61-403A-B656-FDED4F87DEEE}.Release|Any CPU.ActiveCfg = Release|Any CPU
		{52B3F94F-0E61-403A-B656-FDED4F87DEEE}.Release|Any CPU.Build.0 = Release|Any CPU
		{AB157FA1-3E8A-4666-9EBF-0E6DDB48C76A}.Debug|Any CPU.ActiveCfg = Debug|Any CPU
		{AB157FA1-3E8A-4666-9EBF-0E6DDB48C76A}.Debug|Any CPU.Build.0 = Debug|Any CPU
		{AB157FA1-3E8A-4666-9EBF-0E6DDB48C76A}.Release|Any CPU.ActiveCfg = Release|Any CPU
		{AB157FA1-3E8A-4666-9EBF-0E6DDB48C76A}.Release|Any CPU.Build.0 = Release|Any CPU
	EndGlobalSection
	GlobalSection(SolutionProperties) = preSolution
		HideSolutionNode = FALSE
	EndGlobalSection
	GlobalSection(NestedProjects) = preSolution
		{B9511E29-2626-4498-B92F-675DD90C7415} = {02EA681E-C7D8-13C7-8484-4AC65E1B71E8}
		{5EAC6EB6-7B8F-49CB-AE40-9FEDE21FE8D9} = {12B87A0E-05CC-4C4F-A943-469C365147A5}
		{B314BD99-1150-43E0-B14D-6395BEF85486} = {CD355861-3AE4-4BB4-8CAB-55D33DEEEF2B}
		{F5944E94-55F6-44D8-A875-4EB4302F3FA0} = {B267365D-6A74-4CD9-9AED-A00E74648897}
		{DE846928-0583-4AC7-A018-320C845C5CF6} = {B0C6F5F9-4CDD-4415-AB84-20D719FB8187}
		{5DDDEF9B-23E1-4544-8A1F-536C803656A5} = {06CA1252-BE98-4F08-A1EF-E0B8B76F1609}
		{A9BF4C05-2B19-40DE-BA90-E63468F82437} = {EB067B4D-6C8C-4A93-8C83-DEC438120691}
		{3E99F90D-A670-45D7-ADC0-A3C3B164E891} = {4BAA7388-7C07-4596-8EE4-16E633CA33BC}
		{939B4BC7-5176-4A23-AB13-1FBD2BAF4930} = {9A14F78E-1FBF-4C37-AB35-3747378E6162}
		{52B3F94F-0E61-403A-B656-FDED4F87DEEE} = {1BB5E53F-E0D5-432B-BB7C-818B7B626F6C}
		{AB157FA1-3E8A-4666-9EBF-0E6DDB48C76A} = {508DA54A-C0F8-480C-9C55-34CB3F47E63D}
	EndGlobalSection
	GlobalSection(ExtensibilityGlobals) = postSolution
		SolutionGuid = {954B6A58-8E50-4D84-BB0E-DB03D7D71E8C}
	EndGlobalSection
EndGlobal
